// !$*UTF8*$!
{
	archiveVersion = 1;
	classes = {
	};
	objectVersion = 56;
	objects = {

/* Begin PBXBuildFile section */
		0D2CB0D529FC40A00080CB8A /* HomeView.swift in Sources */ = {isa = PBXBuildFile; fileRef = 0D2CB0D429FC40A00080CB8A /* HomeView.swift */; };
		0D2CB0DA29FC41210080CB8A /* ProjectsCell.swift in Sources */ = {isa = PBXBuildFile; fileRef = 0D2CB0D929FC41210080CB8A /* ProjectsCell.swift */; };
		0D2CB0DE29FC4F560080CB8A /* HomeViewModel.swift in Sources */ = {isa = PBXBuildFile; fileRef = 0D2CB0DD29FC4F560080CB8A /* HomeViewModel.swift */; };
		0D2CB0E02A039EA10080CB8A /* AddProjectsCell.swift in Sources */ = {isa = PBXBuildFile; fileRef = 0D2CB0DF2A039EA10080CB8A /* AddProjectsCell.swift */; };
		0D2CB1112A0AC13C0080CB8A /* CoreDataManager.swift in Sources */ = {isa = PBXBuildFile; fileRef = 0D2CB1102A0AC13C0080CB8A /* CoreDataManager.swift */; };
		0D2CB1142A0AC1CA0080CB8A /* DataAccessManager.swift in Sources */ = {isa = PBXBuildFile; fileRef = 0D2CB1132A0AC1CA0080CB8A /* DataAccessManager.swift */; };
		0D2CB11B2A0EB68F0080CB8A /* Raleway-Bold.ttf in Resources */ = {isa = PBXBuildFile; fileRef = 0D2CB1182A0EB68E0080CB8A /* Raleway-Bold.ttf */; };
		0D2CB11C2A0EB68F0080CB8A /* Raleway-SemiBold.ttf in Resources */ = {isa = PBXBuildFile; fileRef = 0D2CB1192A0EB68F0080CB8A /* Raleway-SemiBold.ttf */; };
		0D2CB11D2A0EB68F0080CB8A /* Raleway-Medium.ttf in Resources */ = {isa = PBXBuildFile; fileRef = 0D2CB11A2A0EB68F0080CB8A /* Raleway-Medium.ttf */; };
		0D2CB11F2A0EB8670080CB8A /* Fonts.swift in Sources */ = {isa = PBXBuildFile; fileRef = 0D2CB11E2A0EB8670080CB8A /* Fonts.swift */; };
		0D7EF1522A12C5E1001DE424 /* HomeViewController.swift in Sources */ = {isa = PBXBuildFile; fileRef = 0D2CB0D629FC40D30080CB8A /* HomeViewController.swift */; };
		6718403D2A05945C00A92AAF /* PartTableViewProtocol.swift in Sources */ = {isa = PBXBuildFile; fileRef = 6718403C2A05945C00A92AAF /* PartTableViewProtocol.swift */; };
		67227EFE29F85EDE00E1166C /* AppDelegate.swift in Sources */ = {isa = PBXBuildFile; fileRef = 67227EFD29F85EDE00E1166C /* AppDelegate.swift */; };
		67227F0029F85EDE00E1166C /* SceneDelegate.swift in Sources */ = {isa = PBXBuildFile; fileRef = 67227EFF29F85EDE00E1166C /* SceneDelegate.swift */; };
		67227F0829F85EDE00E1166C /* LyricFy.xcdatamodeld in Sources */ = {isa = PBXBuildFile; fileRef = 67227F0629F85EDE00E1166C /* LyricFy.xcdatamodeld */; };
		67227F0A29F85EDF00E1166C /* Assets.xcassets in Resources */ = {isa = PBXBuildFile; fileRef = 67227F0929F85EDF00E1166C /* Assets.xcassets */; };
		67227F0D29F85EDF00E1166C /* LaunchScreen.storyboard in Resources */ = {isa = PBXBuildFile; fileRef = 67227F0B29F85EDF00E1166C /* LaunchScreen.storyboard */; };
		67227F1829FC50A300E1166C /* Alert.swift in Sources */ = {isa = PBXBuildFile; fileRef = 67227F1729FC50A300E1166C /* Alert.swift */; };
		673574FB2A05801F00C75DB6 /* PartView.swift in Sources */ = {isa = PBXBuildFile; fileRef = 673574FA2A05801F00C75DB6 /* PartView.swift */; };
		673574FD2A05803900C75DB6 /* PartCell.swift in Sources */ = {isa = PBXBuildFile; fileRef = 673574FC2A05803900C75DB6 /* PartCell.swift */; };
		673574FF2A05805F00C75DB6 /* UIFont+PreferredFont.swift in Sources */ = {isa = PBXBuildFile; fileRef = 673574FE2A05805F00C75DB6 /* UIFont+PreferredFont.swift */; };
		6735E3FF2A140B32005F9BF7 /* ViewCode.swift in Sources */ = {isa = PBXBuildFile; fileRef = 6735E3FE2A140B32005F9BF7 /* ViewCode.swift */; };
		6735E4002A180349005F9BF7 /* CompositionViewModel.swift in Sources */ = {isa = PBXBuildFile; fileRef = 67E0A7052A0C12AD00ED72C1 /* CompositionViewModel.swift */; };
		67F7BE542A0F5825000ACA06 /* LyricsEditingScreenView.swift in Sources */ = {isa = PBXBuildFile; fileRef = 67F7BE532A0F5825000ACA06 /* LyricsEditingScreenView.swift */; };
		67F7BE562A0F583E000ACA06 /* NSAttributedString+defaultParagraph.swift in Sources */ = {isa = PBXBuildFile; fileRef = 67F7BE552A0F583E000ACA06 /* NSAttributedString+defaultParagraph.swift */; };
		67F7BE5E2A0F58D4000ACA06 /* Composition.swift in Sources */ = {isa = PBXBuildFile; fileRef = 67F7BE5B2A0F58D4000ACA06 /* Composition.swift */; };
		67F7BE5F2A0F58D4000ACA06 /* Part.swift in Sources */ = {isa = PBXBuildFile; fileRef = 67F7BE5C2A0F58D4000ACA06 /* Part.swift */; };
		67F7BE602A0F58D4000ACA06 /* Version.swift in Sources */ = {isa = PBXBuildFile; fileRef = 67F7BE5D2A0F58D4000ACA06 /* Version.swift */; };
		67F7BE622A12B007000ACA06 /* CompositionHeaderCell.swift in Sources */ = {isa = PBXBuildFile; fileRef = 67F7BE612A12B007000ACA06 /* CompositionHeaderCell.swift */; };
		7807628829FC30EE00353A06 /* ScreenLyricsEditingController.swift in Sources */ = {isa = PBXBuildFile; fileRef = 7807628729FC30EE00353A06 /* ScreenLyricsEditingController.swift */; };
		7814FA432A1C3D010033692B /* PartPersistenceManagerProtocol.swift in Sources */ = {isa = PBXBuildFile; fileRef = 7814FA422A1C3D010033692B /* PartPersistenceManagerProtocol.swift */; };
		781615122A1183BF00EDE98B /* AudioFileManager.swift in Sources */ = {isa = PBXBuildFile; fileRef = 781615112A1183BF00EDE98B /* AudioFileManager.swift */; };
		784D59992A1D3C1000EAA30A /* ReferenceTablePersistenceManagerProtocol.swift in Sources */ = {isa = PBXBuildFile; fileRef = 784D59982A1D3C1000EAA30A /* ReferenceTablePersistenceManagerProtocol.swift */; };
		7882169129FD9D340032A177 /* CGFloat+Screen.swift in Sources */ = {isa = PBXBuildFile; fileRef = 7882169029FD9D340032A177 /* CGFloat+Screen.swift */; };
		78BE20E62A041A9A003B3AF2 /* KeyboardListenerProtocol.swift in Sources */ = {isa = PBXBuildFile; fileRef = 78BE20E52A041A9A003B3AF2 /* KeyboardListenerProtocol.swift */; };
		78C9686F2A0975E5009054D0 /* AudioController.swift in Sources */ = {isa = PBXBuildFile; fileRef = 78C9686E2A0975E5009054D0 /* AudioController.swift */; };
		78C968712A09760F009054D0 /* AudioState.swift in Sources */ = {isa = PBXBuildFile; fileRef = 78C968702A09760F009054D0 /* AudioState.swift */; };
		78D0E8532A12B2AF00C80579 /* AudioPermissionAlertAlertDelegate.swift in Sources */ = {isa = PBXBuildFile; fileRef = 78D0E8522A12B2AF00C80579 /* AudioPermissionAlertAlertDelegate.swift */; };
		78EE4D582A1D360700C8216C /* AudioFileManagerProtocol.swift in Sources */ = {isa = PBXBuildFile; fileRef = 78EE4D572A1D360700C8216C /* AudioFileManagerProtocol.swift */; };
		78F391DE2A02EF9F0097884C /* ScreenLyricsEditingViewModel.swift in Sources */ = {isa = PBXBuildFile; fileRef = 78F391DD2A02EF9F0097884C /* ScreenLyricsEditingViewModel.swift */; };
		78F391E02A02F3400097884C /* UITextView+Combine.swift in Sources */ = {isa = PBXBuildFile; fileRef = 78F391DF2A02F3400097884C /* UITextView+Combine.swift */; };
		9F0CECAE29FB050800103EFE /* CompositionScreenController.swift in Sources */ = {isa = PBXBuildFile; fileRef = 9F0CECAD29FB050800103EFE /* CompositionScreenController.swift */; };
		9F35359229FEE7A600F24950 /* SheetViewController.swift in Sources */ = {isa = PBXBuildFile; fileRef = 9F35359129FEE7A600F24950 /* SheetViewController.swift */; };
		9F46596D2A0EB4840032B471 /* UIColor.swift in Sources */ = {isa = PBXBuildFile; fileRef = 9F46596C2A0EB4840032B471 /* UIColor.swift */; };
		9F62B0B72A01A27000A2F91C /* SheetView.swift in Sources */ = {isa = PBXBuildFile; fileRef = 9F62B0B62A01A27000A2F91C /* SheetView.swift */; };
		9F74D1342A04A3B8001017B2 /* VersionsView.swift in Sources */ = {isa = PBXBuildFile; fileRef = 9F74D1332A04A3B8001017B2 /* VersionsView.swift */; };
		9F74D1362A04A4A2001017B2 /* VersionsViewController.swift in Sources */ = {isa = PBXBuildFile; fileRef = 9F74D1352A04A4A2001017B2 /* VersionsViewController.swift */; };
		9F8F0B982A0AE6F40063297F /* RecorderView.swift in Sources */ = {isa = PBXBuildFile; fileRef = 9F8F0B972A0AE6F40063297F /* RecorderView.swift */; };
/* End PBXBuildFile section */

/* Begin PBXFileReference section */
		0D2CB0D429FC40A00080CB8A /* HomeView.swift */ = {isa = PBXFileReference; lastKnownFileType = sourcecode.swift; path = HomeView.swift; sourceTree = "<group>"; };
		0D2CB0D629FC40D30080CB8A /* HomeViewController.swift */ = {isa = PBXFileReference; lastKnownFileType = sourcecode.swift; path = HomeViewController.swift; sourceTree = "<group>"; };
		0D2CB0D929FC41210080CB8A /* ProjectsCell.swift */ = {isa = PBXFileReference; lastKnownFileType = sourcecode.swift; path = ProjectsCell.swift; sourceTree = "<group>"; };
		0D2CB0DD29FC4F560080CB8A /* HomeViewModel.swift */ = {isa = PBXFileReference; lastKnownFileType = sourcecode.swift; path = HomeViewModel.swift; sourceTree = "<group>"; };
		0D2CB0DF2A039EA10080CB8A /* AddProjectsCell.swift */ = {isa = PBXFileReference; lastKnownFileType = sourcecode.swift; path = AddProjectsCell.swift; sourceTree = "<group>"; };
		0D2CB1102A0AC13C0080CB8A /* CoreDataManager.swift */ = {isa = PBXFileReference; lastKnownFileType = sourcecode.swift; path = CoreDataManager.swift; sourceTree = "<group>"; };
		0D2CB1132A0AC1CA0080CB8A /* DataAccessManager.swift */ = {isa = PBXFileReference; lastKnownFileType = sourcecode.swift; path = DataAccessManager.swift; sourceTree = "<group>"; };
		0D2CB1182A0EB68E0080CB8A /* Raleway-Bold.ttf */ = {isa = PBXFileReference; lastKnownFileType = file; path = "Raleway-Bold.ttf"; sourceTree = "<group>"; };
		0D2CB1192A0EB68F0080CB8A /* Raleway-SemiBold.ttf */ = {isa = PBXFileReference; lastKnownFileType = file; path = "Raleway-SemiBold.ttf"; sourceTree = "<group>"; };
		0D2CB11A2A0EB68F0080CB8A /* Raleway-Medium.ttf */ = {isa = PBXFileReference; lastKnownFileType = file; path = "Raleway-Medium.ttf"; sourceTree = "<group>"; };
		0D2CB11E2A0EB8670080CB8A /* Fonts.swift */ = {isa = PBXFileReference; lastKnownFileType = sourcecode.swift; path = Fonts.swift; sourceTree = "<group>"; };
		6718403C2A05945C00A92AAF /* PartTableViewProtocol.swift */ = {isa = PBXFileReference; lastKnownFileType = sourcecode.swift; path = PartTableViewProtocol.swift; sourceTree = "<group>"; };
		67227EFA29F85EDE00E1166C /* LyricFy.app */ = {isa = PBXFileReference; explicitFileType = wrapper.application; includeInIndex = 0; path = LyricFy.app; sourceTree = BUILT_PRODUCTS_DIR; };
		67227EFD29F85EDE00E1166C /* AppDelegate.swift */ = {isa = PBXFileReference; lastKnownFileType = sourcecode.swift; path = AppDelegate.swift; sourceTree = "<group>"; };
		67227EFF29F85EDE00E1166C /* SceneDelegate.swift */ = {isa = PBXFileReference; lastKnownFileType = sourcecode.swift; path = SceneDelegate.swift; sourceTree = "<group>"; };
		67227F0729F85EDE00E1166C /* LyricFy.xcdatamodel */ = {isa = PBXFileReference; lastKnownFileType = wrapper.xcdatamodel; path = LyricFy.xcdatamodel; sourceTree = "<group>"; };
		67227F0929F85EDF00E1166C /* Assets.xcassets */ = {isa = PBXFileReference; lastKnownFileType = folder.assetcatalog; path = Assets.xcassets; sourceTree = "<group>"; };
		67227F0C29F85EDF00E1166C /* Base */ = {isa = PBXFileReference; lastKnownFileType = file.storyboard; name = Base; path = Base.lproj/LaunchScreen.storyboard; sourceTree = "<group>"; };
		67227F0E29F85EDF00E1166C /* Info.plist */ = {isa = PBXFileReference; lastKnownFileType = text.plist.xml; path = Info.plist; sourceTree = "<group>"; };
		67227F1729FC50A300E1166C /* Alert.swift */ = {isa = PBXFileReference; lastKnownFileType = sourcecode.swift; path = Alert.swift; sourceTree = "<group>"; };
		673574FA2A05801F00C75DB6 /* PartView.swift */ = {isa = PBXFileReference; lastKnownFileType = sourcecode.swift; path = PartView.swift; sourceTree = "<group>"; };
		673574FC2A05803900C75DB6 /* PartCell.swift */ = {isa = PBXFileReference; lastKnownFileType = sourcecode.swift; path = PartCell.swift; sourceTree = "<group>"; };
		673574FE2A05805F00C75DB6 /* UIFont+PreferredFont.swift */ = {isa = PBXFileReference; lastKnownFileType = sourcecode.swift; path = "UIFont+PreferredFont.swift"; sourceTree = "<group>"; };
		6735E3FE2A140B32005F9BF7 /* ViewCode.swift */ = {isa = PBXFileReference; lastKnownFileType = sourcecode.swift; path = ViewCode.swift; sourceTree = "<group>"; };
		67E0A7052A0C12AD00ED72C1 /* CompositionViewModel.swift */ = {isa = PBXFileReference; lastKnownFileType = sourcecode.swift; path = CompositionViewModel.swift; sourceTree = "<group>"; };
		67F7BE532A0F5825000ACA06 /* LyricsEditingScreenView.swift */ = {isa = PBXFileReference; fileEncoding = 4; lastKnownFileType = sourcecode.swift; path = LyricsEditingScreenView.swift; sourceTree = "<group>"; };
		67F7BE552A0F583E000ACA06 /* NSAttributedString+defaultParagraph.swift */ = {isa = PBXFileReference; fileEncoding = 4; lastKnownFileType = sourcecode.swift; path = "NSAttributedString+defaultParagraph.swift"; sourceTree = "<group>"; };
		67F7BE5B2A0F58D4000ACA06 /* Composition.swift */ = {isa = PBXFileReference; fileEncoding = 4; lastKnownFileType = sourcecode.swift; path = Composition.swift; sourceTree = "<group>"; };
		67F7BE5C2A0F58D4000ACA06 /* Part.swift */ = {isa = PBXFileReference; fileEncoding = 4; lastKnownFileType = sourcecode.swift; path = Part.swift; sourceTree = "<group>"; };
		67F7BE5D2A0F58D4000ACA06 /* Version.swift */ = {isa = PBXFileReference; fileEncoding = 4; lastKnownFileType = sourcecode.swift; path = Version.swift; sourceTree = "<group>"; };
		67F7BE612A12B007000ACA06 /* CompositionHeaderCell.swift */ = {isa = PBXFileReference; lastKnownFileType = sourcecode.swift; path = CompositionHeaderCell.swift; sourceTree = "<group>"; };
		7807628729FC30EE00353A06 /* ScreenLyricsEditingController.swift */ = {isa = PBXFileReference; lastKnownFileType = sourcecode.swift; path = ScreenLyricsEditingController.swift; sourceTree = "<group>"; };
		7814FA422A1C3D010033692B /* PartPersistenceManagerProtocol.swift */ = {isa = PBXFileReference; lastKnownFileType = sourcecode.swift; path = PartPersistenceManagerProtocol.swift; sourceTree = "<group>"; };
		781615112A1183BF00EDE98B /* AudioFileManager.swift */ = {isa = PBXFileReference; lastKnownFileType = sourcecode.swift; path = AudioFileManager.swift; sourceTree = "<group>"; };
		784D59982A1D3C1000EAA30A /* ReferenceTablePersistenceManagerProtocol.swift */ = {isa = PBXFileReference; lastKnownFileType = sourcecode.swift; path = ReferenceTablePersistenceManagerProtocol.swift; sourceTree = "<group>"; };
		7882169029FD9D340032A177 /* CGFloat+Screen.swift */ = {isa = PBXFileReference; lastKnownFileType = sourcecode.swift; path = "CGFloat+Screen.swift"; sourceTree = "<group>"; };
		78BE20E52A041A9A003B3AF2 /* KeyboardListenerProtocol.swift */ = {isa = PBXFileReference; lastKnownFileType = sourcecode.swift; path = KeyboardListenerProtocol.swift; sourceTree = "<group>"; };
		78C9686E2A0975E5009054D0 /* AudioController.swift */ = {isa = PBXFileReference; lastKnownFileType = sourcecode.swift; path = AudioController.swift; sourceTree = "<group>"; };
		78C968702A09760F009054D0 /* AudioState.swift */ = {isa = PBXFileReference; lastKnownFileType = sourcecode.swift; path = AudioState.swift; sourceTree = "<group>"; };
		78D0E8522A12B2AF00C80579 /* AudioPermissionAlertAlertDelegate.swift */ = {isa = PBXFileReference; lastKnownFileType = sourcecode.swift; path = AudioPermissionAlertAlertDelegate.swift; sourceTree = "<group>"; };
		78EE4D572A1D360700C8216C /* AudioFileManagerProtocol.swift */ = {isa = PBXFileReference; lastKnownFileType = sourcecode.swift; path = AudioFileManagerProtocol.swift; sourceTree = "<group>"; };
		78F391DD2A02EF9F0097884C /* ScreenLyricsEditingViewModel.swift */ = {isa = PBXFileReference; lastKnownFileType = sourcecode.swift; path = ScreenLyricsEditingViewModel.swift; sourceTree = "<group>"; };
		78F391DF2A02F3400097884C /* UITextView+Combine.swift */ = {isa = PBXFileReference; lastKnownFileType = sourcecode.swift; path = "UITextView+Combine.swift"; sourceTree = "<group>"; };
		9F0CECAD29FB050800103EFE /* CompositionScreenController.swift */ = {isa = PBXFileReference; lastKnownFileType = sourcecode.swift; path = CompositionScreenController.swift; sourceTree = "<group>"; };
		9F35359129FEE7A600F24950 /* SheetViewController.swift */ = {isa = PBXFileReference; lastKnownFileType = sourcecode.swift; path = SheetViewController.swift; sourceTree = "<group>"; };
		9F46596C2A0EB4840032B471 /* UIColor.swift */ = {isa = PBXFileReference; lastKnownFileType = sourcecode.swift; path = UIColor.swift; sourceTree = "<group>"; };
		9F62B0B62A01A27000A2F91C /* SheetView.swift */ = {isa = PBXFileReference; lastKnownFileType = sourcecode.swift; path = SheetView.swift; sourceTree = "<group>"; };
		9F74D1332A04A3B8001017B2 /* VersionsView.swift */ = {isa = PBXFileReference; lastKnownFileType = sourcecode.swift; path = VersionsView.swift; sourceTree = "<group>"; };
		9F74D1352A04A4A2001017B2 /* VersionsViewController.swift */ = {isa = PBXFileReference; lastKnownFileType = sourcecode.swift; path = VersionsViewController.swift; sourceTree = "<group>"; };
		9F8F0B972A0AE6F40063297F /* RecorderView.swift */ = {isa = PBXFileReference; lastKnownFileType = sourcecode.swift; path = RecorderView.swift; sourceTree = "<group>"; };
/* End PBXFileReference section */

/* Begin PBXFrameworksBuildPhase section */
		67227EF729F85EDE00E1166C /* Frameworks */ = {
			isa = PBXFrameworksBuildPhase;
			buildActionMask = 2147483647;
			files = (
			);
			runOnlyForDeploymentPostprocessing = 0;
		};
/* End PBXFrameworksBuildPhase section */

/* Begin PBXGroup section */
		0D2CB0E12A042BBB0080CB8A /* Cells */ = {
			isa = PBXGroup;
			children = (
				0D2CB0D929FC41210080CB8A /* ProjectsCell.swift */,
				0D2CB0DF2A039EA10080CB8A /* AddProjectsCell.swift */,
				673574FC2A05803900C75DB6 /* PartCell.swift */,
				67F7BE612A12B007000ACA06 /* CompositionHeaderCell.swift */,
			);
			path = Cells;
			sourceTree = "<group>";
		};
		0D2CB1172A0EB58E0080CB8A /* Fonts */ = {
			isa = PBXGroup;
			children = (
				0D2CB1182A0EB68E0080CB8A /* Raleway-Bold.ttf */,
				0D2CB11A2A0EB68F0080CB8A /* Raleway-Medium.ttf */,
				0D2CB1192A0EB68F0080CB8A /* Raleway-SemiBold.ttf */,
				0D2CB11E2A0EB8670080CB8A /* Fonts.swift */,
			);
			path = Fonts;
			sourceTree = "<group>";
		};
		67227EF129F85EDE00E1166C = {
			isa = PBXGroup;
			children = (
				67227EFC29F85EDE00E1166C /* LyricFy */,
				67227EFB29F85EDE00E1166C /* Products */,
			);
			sourceTree = "<group>";
		};
		67227EFB29F85EDE00E1166C /* Products */ = {
			isa = PBXGroup;
			children = (
				67227EFA29F85EDE00E1166C /* LyricFy.app */,
			);
			name = Products;
			sourceTree = "<group>";
		};
		67227EFC29F85EDE00E1166C /* LyricFy */ = {
			isa = PBXGroup;
			children = (
				0D2CB1172A0EB58E0080CB8A /* Fonts */,
				781D450729F98C5E005B1ACC /* Resources */,
				7882168F29FD9D1D0032A177 /* Extensions */,
				9F0CECAF29FB0C0800103EFE /* Protocols */,
				781D450929F98CB2005B1ACC /* Managers */,
				78F391D12A02D9000097884C /* Models */,
				78F391DC2A02EF6C0097884C /* ViewModels */,
				9F0CECAC29FB04E600103EFE /* Views */,
				781D450829F98C73005B1ACC /* ViewControllers */,
				67227F0929F85EDF00E1166C /* Assets.xcassets */,
				67227F0E29F85EDF00E1166C /* Info.plist */,
			);
			path = LyricFy;
			sourceTree = "<group>";
		};
		67227F1629FC508100E1166C /* Components */ = {
			isa = PBXGroup;
			children = (
				0D2CB0E12A042BBB0080CB8A /* Cells */,
				67227F1729FC50A300E1166C /* Alert.swift */,
			);
			path = Components;
			sourceTree = "<group>";
		};
		781D450729F98C5E005B1ACC /* Resources */ = {
			isa = PBXGroup;
			children = (
				67227EFD29F85EDE00E1166C /* AppDelegate.swift */,
				67227EFF29F85EDE00E1166C /* SceneDelegate.swift */,
				67227F0B29F85EDF00E1166C /* LaunchScreen.storyboard */,
			);
			path = Resources;
			sourceTree = "<group>";
		};
		781D450829F98C73005B1ACC /* ViewControllers */ = {
			isa = PBXGroup;
			children = (
				9F35359129FEE7A600F24950 /* SheetViewController.swift */,
				9F0CECAD29FB050800103EFE /* CompositionScreenController.swift */,
				9F74D1352A04A4A2001017B2 /* VersionsViewController.swift */,
				0D2CB0D629FC40D30080CB8A /* HomeViewController.swift */,
				7807628729FC30EE00353A06 /* ScreenLyricsEditingController.swift */,
			);
			path = ViewControllers;
			sourceTree = "<group>";
		};
		781D450929F98CB2005B1ACC /* Managers */ = {
			isa = PBXGroup;
			children = (
				78C9686D2A0975AC009054D0 /* Audio */,
				781D450A29F98CD0005B1ACC /* CoreData */,
				0D2CB1132A0AC1CA0080CB8A /* DataAccessManager.swift */,
			);
			path = Managers;
			sourceTree = "<group>";
		};
		781D450A29F98CD0005B1ACC /* CoreData */ = {
			isa = PBXGroup;
			children = (
				0D2CB1102A0AC13C0080CB8A /* CoreDataManager.swift */,
				67227F0629F85EDE00E1166C /* LyricFy.xcdatamodeld */,
			);
			path = CoreData;
			sourceTree = "<group>";
		};
		7882168F29FD9D1D0032A177 /* Extensions */ = {
			isa = PBXGroup;
			children = (
				67F7BE552A0F583E000ACA06 /* NSAttributedString+defaultParagraph.swift */,
				7882169029FD9D340032A177 /* CGFloat+Screen.swift */,
				673574FE2A05805F00C75DB6 /* UIFont+PreferredFont.swift */,
				78F391DF2A02F3400097884C /* UITextView+Combine.swift */,
				9F46596C2A0EB4840032B471 /* UIColor.swift */,
			);
			path = Extensions;
			sourceTree = "<group>";
		};
		78C9686D2A0975AC009054D0 /* Audio */ = {
			isa = PBXGroup;
			children = (
				78C9686E2A0975E5009054D0 /* AudioController.swift */,
				78C968702A09760F009054D0 /* AudioState.swift */,
				781615112A1183BF00EDE98B /* AudioFileManager.swift */,
			);
			path = Audio;
			sourceTree = "<group>";
		};
		78F391D12A02D9000097884C /* Models */ = {
			isa = PBXGroup;
			children = (
				67F7BE5B2A0F58D4000ACA06 /* Composition.swift */,
				67F7BE5C2A0F58D4000ACA06 /* Part.swift */,
				67F7BE5D2A0F58D4000ACA06 /* Version.swift */,
			);
			path = Models;
			sourceTree = "<group>";
		};
		78F391DC2A02EF6C0097884C /* ViewModels */ = {
			isa = PBXGroup;
			children = (
				0D2CB0DD29FC4F560080CB8A /* HomeViewModel.swift */,
				78F391DD2A02EF9F0097884C /* ScreenLyricsEditingViewModel.swift */,
				67E0A7052A0C12AD00ED72C1 /* CompositionViewModel.swift */,
			);
			path = ViewModels;
			sourceTree = "<group>";
		};
		9F0CECAC29FB04E600103EFE /* Views */ = {
			isa = PBXGroup;
			children = (
				67227F1629FC508100E1166C /* Components */,
				9F62B0B62A01A27000A2F91C /* SheetView.swift */,
				9F74D1332A04A3B8001017B2 /* VersionsView.swift */,
				0D2CB0D429FC40A00080CB8A /* HomeView.swift */,
				9F8F0B972A0AE6F40063297F /* RecorderView.swift */,
				673574FA2A05801F00C75DB6 /* PartView.swift */,
				67F7BE532A0F5825000ACA06 /* LyricsEditingScreenView.swift */,
			);
			path = Views;
			sourceTree = "<group>";
		};
		9F0CECAF29FB0C0800103EFE /* Protocols */ = {
			isa = PBXGroup;
			children = (
				6735E3FE2A140B32005F9BF7 /* ViewCode.swift */,
				78BE20E52A041A9A003B3AF2 /* KeyboardListenerProtocol.swift */,
				6718403C2A05945C00A92AAF /* PartTableViewProtocol.swift */,
				78D0E8522A12B2AF00C80579 /* AudioPermissionAlertAlertDelegate.swift */,
				7814FA422A1C3D010033692B /* PartPersistenceManagerProtocol.swift */,
				78EE4D572A1D360700C8216C /* AudioFileManagerProtocol.swift */,
				784D59982A1D3C1000EAA30A /* ReferenceTablePersistenceManagerProtocol.swift */,
			);
			path = Protocols;
			sourceTree = "<group>";
		};
/* End PBXGroup section */

/* Begin PBXNativeTarget section */
		67227EF929F85EDE00E1166C /* LyricFy */ = {
			isa = PBXNativeTarget;
			buildConfigurationList = 67227F1129F85EDF00E1166C /* Build configuration list for PBXNativeTarget "LyricFy" */;
			buildPhases = (
				67227EF629F85EDE00E1166C /* Sources */,
				67227EF729F85EDE00E1166C /* Frameworks */,
				67227EF829F85EDE00E1166C /* Resources */,
				78BDBF9029F966780057FFD2 /* ShellScript */,
			);
			buildRules = (
			);
			dependencies = (
			);
			name = LyricFy;
			productName = LyricFy;
			productReference = 67227EFA29F85EDE00E1166C /* LyricFy.app */;
			productType = "com.apple.product-type.application";
		};
/* End PBXNativeTarget section */

/* Begin PBXProject section */
		67227EF229F85EDE00E1166C /* Project object */ = {
			isa = PBXProject;
			attributes = {
				BuildIndependentTargetsInParallel = 1;
				LastSwiftUpdateCheck = 1430;
				LastUpgradeCheck = 1430;
				TargetAttributes = {
					67227EF929F85EDE00E1166C = {
						CreatedOnToolsVersion = 14.3;
					};
				};
			};
			buildConfigurationList = 67227EF529F85EDE00E1166C /* Build configuration list for PBXProject "LyricFy" */;
			compatibilityVersion = "Xcode 14.0";
			developmentRegion = en;
			hasScannedForEncodings = 0;
			knownRegions = (
				en,
				Base,
			);
			mainGroup = 67227EF129F85EDE00E1166C;
			productRefGroup = 67227EFB29F85EDE00E1166C /* Products */;
			projectDirPath = "";
			projectRoot = "";
			targets = (
				67227EF929F85EDE00E1166C /* LyricFy */,
			);
		};
/* End PBXProject section */

/* Begin PBXResourcesBuildPhase section */
		67227EF829F85EDE00E1166C /* Resources */ = {
			isa = PBXResourcesBuildPhase;
			buildActionMask = 2147483647;
			files = (
				67227F0D29F85EDF00E1166C /* LaunchScreen.storyboard in Resources */,
				0D2CB11C2A0EB68F0080CB8A /* Raleway-SemiBold.ttf in Resources */,
				0D2CB11D2A0EB68F0080CB8A /* Raleway-Medium.ttf in Resources */,
				0D2CB11B2A0EB68F0080CB8A /* Raleway-Bold.ttf in Resources */,
				67227F0A29F85EDF00E1166C /* Assets.xcassets in Resources */,
			);
			runOnlyForDeploymentPostprocessing = 0;
		};
/* End PBXResourcesBuildPhase section */

/* Begin PBXShellScriptBuildPhase section */
		78BDBF9029F966780057FFD2 /* ShellScript */ = {
			isa = PBXShellScriptBuildPhase;
			alwaysOutOfDate = 1;
			buildActionMask = 2147483647;
			files = (
			);
			inputFileListPaths = (
			);
			inputPaths = (
			);
			outputFileListPaths = (
			);
			outputPaths = (
			);
			runOnlyForDeploymentPostprocessing = 0;
			shellPath = /bin/sh;
			shellScript = "if [[ \"$(uname -m)\" == arm64 ]]; then\n    export PATH=\"/opt/homebrew/bin:$PATH\"\nfi\n\nif which swiftlint > /dev/null; then\n  swiftlint\nelse\n  echo \"warning: SwiftLint not installed, download from https://github.com/realm/SwiftLint\"\nfi\n";
		};
/* End PBXShellScriptBuildPhase section */

/* Begin PBXSourcesBuildPhase section */
		67227EF629F85EDE00E1166C /* Sources */ = {
			isa = PBXSourcesBuildPhase;
			buildActionMask = 2147483647;
			files = (
				78BE20E62A041A9A003B3AF2 /* KeyboardListenerProtocol.swift in Sources */,
				9F62B0B72A01A27000A2F91C /* SheetView.swift in Sources */,
				0D2CB1112A0AC13C0080CB8A /* CoreDataManager.swift in Sources */,
				9F74D1342A04A3B8001017B2 /* VersionsView.swift in Sources */,
				0D2CB0DE29FC4F560080CB8A /* HomeViewModel.swift in Sources */,
				78EE4D582A1D360700C8216C /* AudioFileManagerProtocol.swift in Sources */,
				6735E4002A180349005F9BF7 /* CompositionViewModel.swift in Sources */,
				67227F1829FC50A300E1166C /* Alert.swift in Sources */,
				7882169129FD9D340032A177 /* CGFloat+Screen.swift in Sources */,
				673574FB2A05801F00C75DB6 /* PartView.swift in Sources */,
				67227EFE29F85EDE00E1166C /* AppDelegate.swift in Sources */,
				67F7BE542A0F5825000ACA06 /* LyricsEditingScreenView.swift in Sources */,
				78F391DE2A02EF9F0097884C /* ScreenLyricsEditingViewModel.swift in Sources */,
				67F7BE602A0F58D4000ACA06 /* Version.swift in Sources */,
				0D2CB11F2A0EB8670080CB8A /* Fonts.swift in Sources */,
				9F74D1362A04A4A2001017B2 /* VersionsViewController.swift in Sources */,
				9F35359229FEE7A600F24950 /* SheetViewController.swift in Sources */,
				9F8F0B982A0AE6F40063297F /* RecorderView.swift in Sources */,
				0D2CB1142A0AC1CA0080CB8A /* DataAccessManager.swift in Sources */,
				7807628829FC30EE00353A06 /* ScreenLyricsEditingController.swift in Sources */,
				67227F0829F85EDE00E1166C /* LyricFy.xcdatamodeld in Sources */,
				0D7EF1522A12C5E1001DE424 /* HomeViewController.swift in Sources */,
				78C9686F2A0975E5009054D0 /* AudioController.swift in Sources */,
				67F7BE5F2A0F58D4000ACA06 /* Part.swift in Sources */,
				673574FD2A05803900C75DB6 /* PartCell.swift in Sources */,
				67F7BE562A0F583E000ACA06 /* NSAttributedString+defaultParagraph.swift in Sources */,
				673574FF2A05805F00C75DB6 /* UIFont+PreferredFont.swift in Sources */,
				0D2CB0DA29FC41210080CB8A /* ProjectsCell.swift in Sources */,
				78D0E8532A12B2AF00C80579 /* AudioPermissionAlertAlertDelegate.swift in Sources */,
				784D59992A1D3C1000EAA30A /* ReferenceTablePersistenceManagerProtocol.swift in Sources */,
				9F46596D2A0EB4840032B471 /* UIColor.swift in Sources */,
				0D2CB0E02A039EA10080CB8A /* AddProjectsCell.swift in Sources */,
				0D2CB0D529FC40A00080CB8A /* HomeView.swift in Sources */,
				6735E3FF2A140B32005F9BF7 /* ViewCode.swift in Sources */,
				9F0CECAE29FB050800103EFE /* CompositionScreenController.swift in Sources */,
				6718403D2A05945C00A92AAF /* PartTableViewProtocol.swift in Sources */,
				67227F0029F85EDE00E1166C /* SceneDelegate.swift in Sources */,
				67F7BE5E2A0F58D4000ACA06 /* Composition.swift in Sources */,
				78F391E02A02F3400097884C /* UITextView+Combine.swift in Sources */,
				67F7BE622A12B007000ACA06 /* CompositionHeaderCell.swift in Sources */,
				7814FA432A1C3D010033692B /* PartPersistenceManagerProtocol.swift in Sources */,
				781615122A1183BF00EDE98B /* AudioFileManager.swift in Sources */,
				78C968712A09760F009054D0 /* AudioState.swift in Sources */,
			);
			runOnlyForDeploymentPostprocessing = 0;
		};
/* End PBXSourcesBuildPhase section */

/* Begin PBXVariantGroup section */
		67227F0B29F85EDF00E1166C /* LaunchScreen.storyboard */ = {
			isa = PBXVariantGroup;
			children = (
				67227F0C29F85EDF00E1166C /* Base */,
			);
			name = LaunchScreen.storyboard;
			sourceTree = "<group>";
		};
/* End PBXVariantGroup section */

/* Begin XCBuildConfiguration section */
		67227F0F29F85EDF00E1166C /* Debug */ = {
			isa = XCBuildConfiguration;
			buildSettings = {
				ALWAYS_SEARCH_USER_PATHS = NO;
				CLANG_ANALYZER_NONNULL = YES;
				CLANG_ANALYZER_NUMBER_OBJECT_CONVERSION = YES_AGGRESSIVE;
				CLANG_CXX_LANGUAGE_STANDARD = "gnu++20";
				CLANG_ENABLE_MODULES = YES;
				CLANG_ENABLE_OBJC_ARC = YES;
				CLANG_ENABLE_OBJC_WEAK = YES;
				CLANG_WARN_BLOCK_CAPTURE_AUTORELEASING = YES;
				CLANG_WARN_BOOL_CONVERSION = YES;
				CLANG_WARN_COMMA = YES;
				CLANG_WARN_CONSTANT_CONVERSION = YES;
				CLANG_WARN_DEPRECATED_OBJC_IMPLEMENTATIONS = YES;
				CLANG_WARN_DIRECT_OBJC_ISA_USAGE = YES_ERROR;
				CLANG_WARN_DOCUMENTATION_COMMENTS = YES;
				CLANG_WARN_EMPTY_BODY = YES;
				CLANG_WARN_ENUM_CONVERSION = YES;
				CLANG_WARN_INFINITE_RECURSION = YES;
				CLANG_WARN_INT_CONVERSION = YES;
				CLANG_WARN_NON_LITERAL_NULL_CONVERSION = YES;
				CLANG_WARN_OBJC_IMPLICIT_RETAIN_SELF = YES;
				CLANG_WARN_OBJC_LITERAL_CONVERSION = YES;
				CLANG_WARN_OBJC_ROOT_CLASS = YES_ERROR;
				CLANG_WARN_QUOTED_INCLUDE_IN_FRAMEWORK_HEADER = YES;
				CLANG_WARN_RANGE_LOOP_ANALYSIS = YES;
				CLANG_WARN_STRICT_PROTOTYPES = YES;
				CLANG_WARN_SUSPICIOUS_MOVE = YES;
				CLANG_WARN_UNGUARDED_AVAILABILITY = YES_AGGRESSIVE;
				CLANG_WARN_UNREACHABLE_CODE = YES;
				CLANG_WARN__DUPLICATE_METHOD_MATCH = YES;
				COPY_PHASE_STRIP = NO;
				DEBUG_INFORMATION_FORMAT = dwarf;
				ENABLE_STRICT_OBJC_MSGSEND = YES;
				ENABLE_TESTABILITY = YES;
				GCC_C_LANGUAGE_STANDARD = gnu11;
				GCC_DYNAMIC_NO_PIC = NO;
				GCC_NO_COMMON_BLOCKS = YES;
				GCC_OPTIMIZATION_LEVEL = 0;
				GCC_PREPROCESSOR_DEFINITIONS = (
					"DEBUG=1",
					"$(inherited)",
				);
				GCC_WARN_64_TO_32_BIT_CONVERSION = YES;
				GCC_WARN_ABOUT_RETURN_TYPE = YES_ERROR;
				GCC_WARN_UNDECLARED_SELECTOR = YES;
				GCC_WARN_UNINITIALIZED_AUTOS = YES_AGGRESSIVE;
				GCC_WARN_UNUSED_FUNCTION = YES;
				GCC_WARN_UNUSED_VARIABLE = YES;
				IPHONEOS_DEPLOYMENT_TARGET = 15.6;
				MTL_ENABLE_DEBUG_INFO = INCLUDE_SOURCE;
				MTL_FAST_MATH = YES;
				ONLY_ACTIVE_ARCH = YES;
				SDKROOT = iphoneos;
				SWIFT_ACTIVE_COMPILATION_CONDITIONS = DEBUG;
				SWIFT_OPTIMIZATION_LEVEL = "-Onone";
			};
			name = Debug;
		};
		67227F1029F85EDF00E1166C /* Release */ = {
			isa = XCBuildConfiguration;
			buildSettings = {
				ALWAYS_SEARCH_USER_PATHS = NO;
				CLANG_ANALYZER_NONNULL = YES;
				CLANG_ANALYZER_NUMBER_OBJECT_CONVERSION = YES_AGGRESSIVE;
				CLANG_CXX_LANGUAGE_STANDARD = "gnu++20";
				CLANG_ENABLE_MODULES = YES;
				CLANG_ENABLE_OBJC_ARC = YES;
				CLANG_ENABLE_OBJC_WEAK = YES;
				CLANG_WARN_BLOCK_CAPTURE_AUTORELEASING = YES;
				CLANG_WARN_BOOL_CONVERSION = YES;
				CLANG_WARN_COMMA = YES;
				CLANG_WARN_CONSTANT_CONVERSION = YES;
				CLANG_WARN_DEPRECATED_OBJC_IMPLEMENTATIONS = YES;
				CLANG_WARN_DIRECT_OBJC_ISA_USAGE = YES_ERROR;
				CLANG_WARN_DOCUMENTATION_COMMENTS = YES;
				CLANG_WARN_EMPTY_BODY = YES;
				CLANG_WARN_ENUM_CONVERSION = YES;
				CLANG_WARN_INFINITE_RECURSION = YES;
				CLANG_WARN_INT_CONVERSION = YES;
				CLANG_WARN_NON_LITERAL_NULL_CONVERSION = YES;
				CLANG_WARN_OBJC_IMPLICIT_RETAIN_SELF = YES;
				CLANG_WARN_OBJC_LITERAL_CONVERSION = YES;
				CLANG_WARN_OBJC_ROOT_CLASS = YES_ERROR;
				CLANG_WARN_QUOTED_INCLUDE_IN_FRAMEWORK_HEADER = YES;
				CLANG_WARN_RANGE_LOOP_ANALYSIS = YES;
				CLANG_WARN_STRICT_PROTOTYPES = YES;
				CLANG_WARN_SUSPICIOUS_MOVE = YES;
				CLANG_WARN_UNGUARDED_AVAILABILITY = YES_AGGRESSIVE;
				CLANG_WARN_UNREACHABLE_CODE = YES;
				CLANG_WARN__DUPLICATE_METHOD_MATCH = YES;
				COPY_PHASE_STRIP = NO;
				DEBUG_INFORMATION_FORMAT = "dwarf-with-dsym";
				ENABLE_NS_ASSERTIONS = NO;
				ENABLE_STRICT_OBJC_MSGSEND = YES;
				GCC_C_LANGUAGE_STANDARD = gnu11;
				GCC_NO_COMMON_BLOCKS = YES;
				GCC_WARN_64_TO_32_BIT_CONVERSION = YES;
				GCC_WARN_ABOUT_RETURN_TYPE = YES_ERROR;
				GCC_WARN_UNDECLARED_SELECTOR = YES;
				GCC_WARN_UNINITIALIZED_AUTOS = YES_AGGRESSIVE;
				GCC_WARN_UNUSED_FUNCTION = YES;
				GCC_WARN_UNUSED_VARIABLE = YES;
				IPHONEOS_DEPLOYMENT_TARGET = 15.6;
				MTL_ENABLE_DEBUG_INFO = NO;
				MTL_FAST_MATH = YES;
				SDKROOT = iphoneos;
				SWIFT_COMPILATION_MODE = wholemodule;
				SWIFT_OPTIMIZATION_LEVEL = "-O";
				VALIDATE_PRODUCT = YES;
			};
			name = Release;
		};
		67227F1229F85EDF00E1166C /* Debug */ = {
			isa = XCBuildConfiguration;
			buildSettings = {
				ASSETCATALOG_COMPILER_APPICON_NAME = AppIcon;
				ASSETCATALOG_COMPILER_GLOBAL_ACCENT_COLOR_NAME = AccentColor;
				CODE_SIGN_STYLE = Automatic;
				CURRENT_PROJECT_VERSION = 3;
				DEVELOPMENT_TEAM = 8Z58DGA5TP;
				GENERATE_INFOPLIST_FILE = YES;
				INFOPLIST_FILE = LyricFy/Info.plist;
				INFOPLIST_KEY_CFBundleDisplayName = Lyra;
				INFOPLIST_KEY_LSApplicationCategoryType = "public.app-category.music";
				INFOPLIST_KEY_NSMicrophoneUsageDescription = "Lyra needs access to a microphone to record the audio of your composition";
				INFOPLIST_KEY_UIApplicationSupportsIndirectInputEvents = YES;
				INFOPLIST_KEY_UILaunchStoryboardName = LaunchScreen;
				INFOPLIST_KEY_UISupportedInterfaceOrientations_iPad = "UIInterfaceOrientationPortrait UIInterfaceOrientationPortraitUpsideDown UIInterfaceOrientationLandscapeLeft UIInterfaceOrientationLandscapeRight";
				INFOPLIST_KEY_UISupportedInterfaceOrientations_iPhone = "UIInterfaceOrientationPortrait UIInterfaceOrientationLandscapeLeft UIInterfaceOrientationLandscapeRight";
				IPHONEOS_DEPLOYMENT_TARGET = 15.6;
				LD_RUNPATH_SEARCH_PATHS = (
					"$(inherited)",
					"@executable_path/Frameworks",
				);
				MARKETING_VERSION = 1.0.2;
				PRODUCT_BUNDLE_IDENTIFIER = com.br.lyra;
				PRODUCT_NAME = "$(TARGET_NAME)";
				SUPPORTED_PLATFORMS = "iphoneos iphonesimulator";
				SUPPORTS_MACCATALYST = NO;
				SUPPORTS_MAC_DESIGNED_FOR_IPHONE_IPAD = NO;
				SWIFT_EMIT_LOC_STRINGS = YES;
				SWIFT_VERSION = 5.0;
				TARGETED_DEVICE_FAMILY = 1;
			};
			name = Debug;
		};
		67227F1329F85EDF00E1166C /* Release */ = {
			isa = XCBuildConfiguration;
			buildSettings = {
				ASSETCATALOG_COMPILER_APPICON_NAME = AppIcon;
				ASSETCATALOG_COMPILER_GLOBAL_ACCENT_COLOR_NAME = AccentColor;
				CODE_SIGN_STYLE = Automatic;
				CURRENT_PROJECT_VERSION = 3;
				DEVELOPMENT_TEAM = 8Z58DGA5TP;
				GENERATE_INFOPLIST_FILE = YES;
				INFOPLIST_FILE = LyricFy/Info.plist;
				INFOPLIST_KEY_CFBundleDisplayName = Lyra;
				INFOPLIST_KEY_LSApplicationCategoryType = "public.app-category.music";
				INFOPLIST_KEY_NSMicrophoneUsageDescription = "Lyra needs access to a microphone to record the audio of your composition";
				INFOPLIST_KEY_UIApplicationSupportsIndirectInputEvents = YES;
				INFOPLIST_KEY_UILaunchStoryboardName = LaunchScreen;
				INFOPLIST_KEY_UISupportedInterfaceOrientations_iPad = "UIInterfaceOrientationPortrait UIInterfaceOrientationPortraitUpsideDown UIInterfaceOrientationLandscapeLeft UIInterfaceOrientationLandscapeRight";
				INFOPLIST_KEY_UISupportedInterfaceOrientations_iPhone = "UIInterfaceOrientationPortrait UIInterfaceOrientationLandscapeLeft UIInterfaceOrientationLandscapeRight";
				IPHONEOS_DEPLOYMENT_TARGET = 15.6;
				LD_RUNPATH_SEARCH_PATHS = (
					"$(inherited)",
					"@executable_path/Frameworks",
				);
				MARKETING_VERSION = 1.0.2;
				PRODUCT_BUNDLE_IDENTIFIER = com.br.lyra;
				PRODUCT_NAME = "$(TARGET_NAME)";
				SUPPORTED_PLATFORMS = "iphoneos iphonesimulator";
				SUPPORTS_MACCATALYST = NO;
				SUPPORTS_MAC_DESIGNED_FOR_IPHONE_IPAD = NO;
				SWIFT_EMIT_LOC_STRINGS = YES;
				SWIFT_VERSION = 5.0;
				TARGETED_DEVICE_FAMILY = 1;
			};
			name = Release;
		};
/* End XCBuildConfiguration section */

/* Begin XCConfigurationList section */
		67227EF529F85EDE00E1166C /* Build configuration list for PBXProject "LyricFy" */ = {
			isa = XCConfigurationList;
			buildConfigurations = (
				67227F0F29F85EDF00E1166C /* Debug */,
				67227F1029F85EDF00E1166C /* Release */,
			);
			defaultConfigurationIsVisible = 0;
			defaultConfigurationName = Release;
		};
		67227F1129F85EDF00E1166C /* Build configuration list for PBXNativeTarget "LyricFy" */ = {
			isa = XCConfigurationList;
			buildConfigurations = (
				67227F1229F85EDF00E1166C /* Debug */,
				67227F1329F85EDF00E1166C /* Release */,
			);
			defaultConfigurationIsVisible = 0;
			defaultConfigurationName = Release;
		};
/* End XCConfigurationList section */

/* Begin XCVersionGroup section */
		67227F0629F85EDE00E1166C /* LyricFy.xcdatamodeld */ = {
			isa = XCVersionGroup;
			children = (
				67227F0729F85EDE00E1166C /* LyricFy.xcdatamodel */,
			);
			currentVersion = 67227F0729F85EDE00E1166C /* LyricFy.xcdatamodel */;
			path = LyricFy.xcdatamodeld;
			sourceTree = "<group>";
			versionGroupType = wrapper.xcdatamodel;
		};
/* End XCVersionGroup section */
	};
	rootObject = 67227EF229F85EDE00E1166C /* Project object */;
}
